github.com/google/go-cmp v0.4.0/go.mod h1:v8dTdLbMG2kIc/vJvl+f65V22dbkXbowE6jgT/gNBxE=
github.com/google/go-cmp v0.5.8 h1:e6P7q2lk1O+qJJb4BtCQXlK8vWEO8V1ZeuEdJNOqZyg=
github.com/google/go-cmp v0.5.8/go.mod h1:17dUlkBOakJ0+DkrSSNjCkIjxS6bF9zb3elmeNGIjoY=
github.com/tylerstillwater/proof v0.0.8 h1:L5kFQFjsDHsRKyai8FA12Rm3E7pNN8PcL2ze+vqlLTM=
github.com/tylerstillwater/proof v0.0.8/go.mod h1:42KJrJDfcC1B6uHyMov2QANvP6N9B25rK7nB1lh8uv8=
golang.org/x/xerrors v0.0.0-20191204190536-9bdfabe68543/go.mod h1:I/5z698sn9Ka8TeJc9MKroUUfqBBauWjQqLJ2OPfmY0=
